# This file is autogenerated, do not edit; changes may be undone by the next 'dep ensure'.


[[projects]]
  name = "github.com/Shopify/sarama"
  packages = ["."]
  revision = "bbdbe644099b7fdc8327d5cc69c030945188b2e9"
  version = "v1.13.0"

[[projects]]
  name = "github.com/coreos/go-systemd"
  packages = ["sdjournal"]
  revision = "d2196463941895ee908e13531a23a39feb9e1243"
  version = "v15"

[[projects]]
  name = "github.com/coreos/pkg"
  packages = ["dlopen"]
  revision = "3ac0863d7acf3bc44daf49afef8919af12f704ef"
  version = "v3"

[[projects]]
  branch = "master"
  name = "github.com/danwakefield/fnmatch"
  packages = ["."]
  revision = "cbb64ac3d964b81592e64f957ad53df015803288"

[[projects]]
  name = "github.com/davecgh/go-spew"
  packages = ["spew"]
  revision = "346938d642f2ec3594ed81d874461961cd0faa76"
  version = "v1.1.0"

[[projects]]
  name = "github.com/eapache/go-resiliency"
  packages = ["breaker"]
  revision = "6800482f2c813e689c88b7ed3282262385011890"
  version = "v1.0.0"

[[projects]]
  branch = "master"
  name = "github.com/eapache/go-xerial-snappy"
  packages = ["."]
  revision = "bb955e01b9346ac19dc29eb16586c90ded99a98c"

[[projects]]
  name = "github.com/eapache/queue"
  packages = ["."]
  revision = "ded5959c0d4e360646dc9e9908cff48666781367"
  version = "v1.0.2"

[[projects]]
  name = "github.com/elastic/beats"
  packages = ["libbeat/beat","libbeat/cfgfile","libbeat/common","libbeat/common/dtfmt","libbeat/common/file","libbeat/common/fmtstr","libbeat/common/jsontransform","libbeat/common/match","libbeat/common/op","libbeat/common/streambuf","libbeat/dashboards/dashboards","libbeat/logp","libbeat/monitoring","libbeat/monitoring/adapter","libbeat/outputs","libbeat/outputs/codecs/format","libbeat/outputs/codecs/json","libbeat/outputs/console","libbeat/outputs/elasticsearch","libbeat/outputs/fileout","libbeat/outputs/kafka","libbeat/outputs/logstash","libbeat/outputs/mode","libbeat/outputs/mode/lb","libbeat/outputs/mode/modeutil","libbeat/outputs/mode/single","libbeat/outputs/outil","libbeat/outputs/redis","libbeat/outputs/transport","libbeat/paths","libbeat/plugin","libbeat/processors","libbeat/processors/actions","libbeat/processors/add_cloud_metadata","libbeat/publisher","libbeat/service","libbeat/setup/kibana","metricbeat/schema","metricbeat/schema/mapstriface"]
  revision = "c34337071a05d7ae4f7397725319e0573c4a3e65"
  version = "v5.6.3"

[[projects]]
  name = "github.com/elastic/go-lumber"
  packages = ["client/v2","log","protocol/v2"]
  revision = "616041e345fc33c97bc0eb0fa6b388aa07bca3e1"
  version = "v0.1.0"

[[projects]]
  name = "github.com/elastic/go-ucfg"
  packages = [".","cfgutil","flag","internal/parse","json","yaml"]
  revision = "ec8488a52542c0c51e42e8ea204dcaff400bc644"
  version = "v0.4.6"

[[projects]]
  name = "github.com/garyburd/redigo"
  packages = ["internal","redis"]
  revision = "34a326de1fea52965fa5ad664d3fc7163dd4b0a1"
  version = "v1.2.0"

[[projects]]
  branch = "master"
  name = "github.com/golang/snappy"
  packages = ["."]
  revision = "553a641470496b2327abcac10b36396bd98e45c9"

[[projects]]
  branch = "master"
  name = "github.com/joeshaw/multierror"
  packages = ["."]
  revision = "69b34d4ec901851247ae7e77d33909caf9df99ed"

[[projects]]
  name = "github.com/klauspost/compress"
  packages = ["flate","zlib"]
  revision = "6c8db69c4b49dd4df1fff66996cf556176d0b9bf"
  version = "v1.2.1"

[[projects]]
  name = "github.com/klauspost/cpuid"
  packages = ["."]
  revision = "ae7887de9fa5d2db4eaa8174a7eff2c1ac00f2da"
  version = "v1.1"

[[projects]]
  name = "github.com/mheese/journalbeat"
  packages = ["beater","config","journal"]
  revision = "f0a328caa5af485c3f0f34d3853b5bfd313b35b6"
  version = "v5.6.0"

[[projects]]
  branch = "master"
  name = "github.com/mitchellh/hashstructure"
  packages = ["."]
  revision = "2bca23e0e452137f789efbc8610126fd8b94f73b"

[[projects]]
  branch = "master"
  name = "github.com/nranchev/go-libGeoIP"
  packages = ["."]
  revision = "d6d4a9a4c7e8d750064c10550bbd4f9aae50d48e"

[[projects]]
  name = "github.com/pierrec/lz4"
  packages = ["."]
  revision = "08c27939df1bd95e881e2c2367a749964ad1fceb"
  version = "v1.0.1"

[[projects]]
  name = "github.com/pierrec/xxHash"
  packages = ["xxHash32"]
  revision = "f051bb7f1d1aaf1b5a665d74fb6b0217712c69f7"
  version = "v0.1.1"

[[projects]]
  name = "github.com/pkg/errors"
  packages = ["."]
  revision = "645ef00459ed84a119197bfb8d8205042c6df63d"
  version = "v0.8.0"

[[projects]]
  branch = "master"
  name = "github.com/rcrowley/go-metrics"
  packages = [".","exp"]
  revision = "1f30fe9094a513ce4c700b9a54458bbb0c96996c"

[[projects]]
  name = "github.com/satori/go.uuid"
  packages = ["."]
  revision = "879c5887cd475cd7864858769793b2ceb0d44feb"
  version = "v1.1.0"

[[projects]]
  branch = "master"
  name = "golang.org/x/net"
  packages = ["proxy"]
  revision = "4b14673ba32bee7f5ac0f990a48f033919fd418b"

[[projects]]
  branch = "master"
  name = "golang.org/x/sys"
  packages = ["windows","windows/svc","windows/svc/debug"]
  revision = "176de7413414c01569163271c745672ff04a7267"

[[projects]]
  branch = "v2"
  name = "gopkg.in/yaml.v2"
  packages = ["."]
  revision = "eb3733d160e74a9c7e442f435eb3bea458e1d19f"

[solve-meta]
  analyzer-name = "dep"
  analyzer-version = 1
  inputs-digest = "a2877e0ddaf05f70b09ff9e20545da44d9defb896488d11f5185a54cab68d49e"
  solver-name = "gps-cdcl"
  solver-version = 1
