# This file is autogenerated, do not edit; changes may be undone by the next 'dep ensure'.


[[projects]]
  name = "github.com/Shopify/sarama"
  packages = ["."]
  revision = "be3a4e355292a75fcc566f76de8bcf28befd4825"

[[projects]]
  name = "github.com/coreos/go-systemd"
  packages = ["sdjournal"]
  revision = "40e2722dffead74698ca12a750f64ef313ddce05"
  version = "v16"

[[projects]]
  name = "github.com/coreos/pkg"
  packages = ["dlopen"]
  revision = "459346e834d8e97be707cd0ea1236acaaa159ffc"

[[projects]]
  branch = "master"
  name = "github.com/danwakefield/fnmatch"
  packages = ["."]
  revision = "cbb64ac3d964b81592e64f957ad53df015803288"

[[projects]]
  name = "github.com/davecgh/go-spew"
  packages = ["spew"]
  revision = "a476722483882dd40b8111f0eb64e1d7f43f56e4"

[[projects]]
  name = "github.com/eapache/go-resiliency"
  packages = ["breaker"]
  revision = "b1fe83b5b03f624450823b751b662259ffc6af70"

[[projects]]
  branch = "master"
  name = "github.com/eapache/go-xerial-snappy"
  packages = ["."]
  revision = "bb955e01b9346ac19dc29eb16586c90ded99a98c"

[[projects]]
  name = "github.com/eapache/queue"
  packages = ["."]
  revision = "44cc805cf13205b55f69e14bcb69867d1ae92f98"
  version = "v1.1.0"

[[projects]]
  name = "github.com/elastic/beats"
  packages = [
    "libbeat/beat",
    "libbeat/cfgfile",
    "libbeat/common",
    "libbeat/common/dtfmt",
    "libbeat/common/file",
    "libbeat/common/fmtstr",
    "libbeat/common/jsontransform",
    "libbeat/common/match",
    "libbeat/common/op",
    "libbeat/common/streambuf",
    "libbeat/dashboards/dashboards",
    "libbeat/logp",
    "libbeat/monitoring",
    "libbeat/monitoring/adapter",
    "libbeat/outputs",
    "libbeat/outputs/codecs/format",
    "libbeat/outputs/codecs/json",
    "libbeat/outputs/console",
    "libbeat/outputs/elasticsearch",
    "libbeat/outputs/fileout",
    "libbeat/outputs/kafka",
    "libbeat/outputs/logstash",
    "libbeat/outputs/mode",
    "libbeat/outputs/mode/lb",
    "libbeat/outputs/mode/modeutil",
    "libbeat/outputs/mode/single",
    "libbeat/outputs/outil",
    "libbeat/outputs/redis",
    "libbeat/outputs/transport",
    "libbeat/paths",
    "libbeat/plugin",
    "libbeat/processors",
    "libbeat/processors/actions",
    "libbeat/processors/add_cloud_metadata",
    "libbeat/publisher",
    "libbeat/service",
    "libbeat/setup/kibana",
    "metricbeat/schema",
    "metricbeat/schema/mapstriface"
  ]
  revision = "12bcd55d7f8f678bb1e513679e2da71810f91d63"
  version = "v5.6.9"

[[projects]]
  name = "github.com/elastic/go-lumber"
  packages = [
    "client/v2",
    "log",
    "protocol/v2"
  ]
  revision = "616041e345fc33c97bc0eb0fa6b388aa07bca3e1"
  version = "v0.1.0"

[[projects]]
  name = "github.com/elastic/go-ucfg"
  packages = [
    ".",
    "cfgutil",
    "flag",
    "internal/parse",
    "json",
    "yaml"
  ]
  revision = "ec8488a52542c0c51e42e8ea204dcaff400bc644"
  version = "v0.4.6"

[[projects]]
  name = "github.com/garyburd/redigo"
  packages = [
    "internal",
    "redis"
  ]
  revision = "70e1b1943d4fc9c56791abaa6f4d1e727b9ab925"

[[projects]]
  branch = "master"
  name = "github.com/golang/snappy"
  packages = ["."]
  revision = "553a641470496b2327abcac10b36396bd98e45c9"

[[projects]]
  branch = "master"
  name = "github.com/joeshaw/multierror"
  packages = ["."]
  revision = "69b34d4ec901851247ae7e77d33909caf9df99ed"

[[projects]]
  name = "github.com/klauspost/compress"
  packages = [
    "flate",
    "zlib"
  ]
  revision = "f3dce52e0576655d55fd69e74b63da96ad1108f3"

[[projects]]
  name = "github.com/klauspost/cpuid"
  packages = ["."]
  revision = "ae7887de9fa5d2db4eaa8174a7eff2c1ac00f2da"
  version = "v1.1"

[[projects]]
  branch = "master"
  name = "github.com/mitchellh/hashstructure"
  packages = ["."]
  revision = "2bca23e0e452137f789efbc8610126fd8b94f73b"

[[projects]]
  branch = "master"
  name = "github.com/nranchev/go-libGeoIP"
  packages = ["."]
  revision = "d6d4a9a4c7e8d750064c10550bbd4f9aae50d48e"

[[projects]]
  name = "github.com/pierrec/lz4"
  packages = ["."]
  revision = "08c27939df1bd95e881e2c2367a749964ad1fceb"
  version = "v1.0.1"

[[projects]]
  branch = "master"
  name = "github.com/pierrec/xxHash"
  packages = ["xxHash32"]
  revision = "a0006b13c722f7f12368c00a3d3c2ae8a999a0c6"

[[projects]]
  name = "github.com/pkg/errors"
  packages = ["."]
  revision = "2b3a18b5f0fb6b4f9190549597d3f962c02bc5eb"

[[projects]]
  name = "github.com/rcrowley/go-metrics"
  packages = [
    ".",
    "exp"
  ]
  revision = "1f30fe9094a513ce4c700b9a54458bbb0c96996c"

[[projects]]
  name = "github.com/satori/go.uuid"
  packages = ["."]
  revision = "5bf94b69c6b68ee1b541973bb8e1144db23a194b"

[[projects]]
  name = "golang.org/x/net"
  packages = ["proxy"]
  revision = "8351a756f30f1297fe94bbf4b767ec589c6ea6d0"

[[projects]]
  name = "golang.org/x/sys"
  packages = [
    "windows",
    "windows/svc",
    "windows/svc/debug"
  ]
  revision = "062cd7e4e68206d8bab9b18396626e855c992658"

[[projects]]
  name = "gopkg.in/yaml.v2"
  packages = ["."]
  revision = "eb3733d160e74a9c7e442f435eb3bea458e1d19f"

[solve-meta]
  analyzer-name = "dep"
  analyzer-version = 1
  inputs-digest = "108f57574325e2e5212847c83d53911127618b61127f4a34bea37523556dce06"
  solver-name = "gps-cdcl"
  solver-version = 1
